
Microsoft Visual Studio Solution File, Format Version 12.00
Project("{FAE04EC0-301F-11D3-BF4B-00C04F79EFBC}") = "ConsoleApp", "ConsoleApp\ConsoleApp.csproj", "{9C488C81-6938-420D-A8F1-DB6B9F0629B6}"
EndProject
Project("{FAE04EC0-301F-11D3-BF4B-00C04F79EFBC}") = "OrderLibrary", "OrderLibrary\OrderLibrary.csproj", "{040AFAAA-47B1-4BA6-9112-4CC41F159FB3}"
EndProject
Project("{FAE04EC0-301F-11D3-BF4B-00C04F79EFBC}") = "MemberLibrary", "MemberLibrary\MemberLibrary.csproj", "{33E0FBE8-5EF8-4589-B5F4-414CC3FDF4DD}"
EndProject
Project("{FAE04EC0-301F-11D3-BF4B-00C04F79EFBC}") = "ActivityLibrary", "ActivityLibrary\ActivityLibrary.csproj", "{836A3E2A-FE72-4DD6-8CF2-A8B2C1A0BEC7}"
EndProject
Global
	GlobalSection(SolutionConfigurationPlatforms) = preSolution
		Debug|Any CPU = Debug|Any CPU
		Release|Any CPU = Release|Any CPU
	EndGlobalSection
	GlobalSection(ProjectConfigurationPlatforms) = postSolution
		{9C488C81-6938-420D-A8F1-DB6B9F0629B6}.Debug|Any CPU.ActiveCfg = Debug|Any CPU
		{9C488C81-6938-420D-A8F1-DB6B9F0629B6}.Debug|Any CPU.Build.0 = Debug|Any CPU
		{9C488C81-6938-420D-A8F1-DB6B9F0629B6}.Release|Any CPU.ActiveCfg = Release|Any CPU
		{9C488C81-6938-420D-A8F1-DB6B9F0629B6}.Release|Any CPU.Build.0 = Release|Any CPU
		{040AFAAA-47B1-4BA6-9112-4CC41F159FB3}.Debug|Any CPU.ActiveCfg = Debug|Any CPU
		{040AFAAA-47B1-4BA6-9112-4CC41F159FB3}.Debug|Any CPU.Build.0 = Debug|Any CPU
		{040AFAAA-47B1-4BA6-9112-4CC41F159FB3}.Release|Any CPU.ActiveCfg = Release|Any CPU
		{040AFAAA-47B1-4BA6-9112-4CC41F159FB3}.Release|Any CPU.Build.0 = Release|Any CPU
		{33E0FBE8-5EF8-4589-B5F4-414CC3FDF4DD}.Debug|Any CPU.ActiveCfg = Debug|Any CPU
		{33E0FBE8-5EF8-4589-B5F4-414CC3FDF4DD}.Debug|Any CPU.Build.0 = Debug|Any CPU
		{33E0FBE8-5EF8-4589-B5F4-414CC3FDF4DD}.Release|Any CPU.ActiveCfg = Release|Any CPU
		{33E0FBE8-5EF8-4589-B5F4-414CC3FDF4DD}.Release|Any CPU.Build.0 = Release|Any CPU
		{836A3E2A-FE72-4DD6-8CF2-A8B2C1A0BEC7}.Debug|Any CPU.ActiveCfg = Debug|Any CPU
		{836A3E2A-FE72-4DD6-8CF2-A8B2C1A0BEC7}.Debug|Any CPU.Build.0 = Debug|Any CPU
		{836A3E2A-FE72-4DD6-8CF2-A8B2C1A0BEC7}.Release|Any CPU.ActiveCfg = Release|Any CPU
		{836A3E2A-FE72-4DD6-8CF2-A8B2C1A0BEC7}.Release|Any CPU.Build.0 = Release|Any CPU
	EndGlobalSection
EndGlobal
